lockfileVersion: '9.0'

settings:
  autoInstallPeers: true
  excludeLinksFromLockfile: false

importers:

  .:
    dependencies:
      csvtojson:
        specifier: ^2.0.14
        version: 2.0.14
      lodash.mapkeys:
        specifier: ^4.6.0
        version: 4.6.0
      lodash.pick:
        specifier: ^3.1.0
        version: 3.1.0

packages:

  csvtojson@2.0.14:
    resolution: {integrity: sha512-F7NNvhhDyob7OsuEGRsH0FM1aqLs/WYITyza3l+hTEEmOK9sGPBlYQZwlVG0ezCojXYpE17lhS5qL6BCOZSPyA==}
    engines: {node: '>=8.0.0'}
    hasBin: true

  lodash._baseflatten@3.1.4:
    resolution: {integrity: sha512-fESngZd+X4k+GbTxdMutf8ohQa0s3sJEHIcwtu4/LsIQ2JTDzdRxDCMQjW+ezzwRitLmHnacVVmosCbxifefbw==}

  lodash._basefor@3.0.3:
    resolution: {integrity: sha512-6bc3b8grkpMgDcVJv9JYZAk/mHgcqMljzm7OsbmcE2FGUMmmLQTPHlh/dFqR8LA0GQ7z4K67JSotVKu5058v1A==}

  lodash._bindcallback@3.0.1:
    resolution: {integrity: sha512-2wlI0JRAGX8WEf4Gm1p/mv/SZ+jLijpj0jyaE/AXeuQphzCgD8ZQW4oSpoN8JAopujOFGU3KMuq7qfHBWlGpjQ==}

  lodash._pickbyarray@3.0.2:
    resolution: {integrity: sha512-tHzBIfgugzI7HV0y8MJS1z/ryWDh8NyD6AV+so9vlplRnhD4qBuwoyDt7g241ad3F43YDFghCN+R3iaFd4Azvw==}

  lodash._pickbycallback@3.0.0:
    resolution: {integrity: sha512-DVP27YmN0lB+j/Tgd/+gtxfmW/XihgWpQpHptBuwyp2fD9zEBRwwcnw6Qej16LUV8LRFuTqyoc0i6ON97d/C5w==}

  lodash.isarguments@3.1.0:
    resolution: {integrity: sha512-chi4NHZlZqZD18a0imDHnZPrDeBbTtVN7GXMwuGdRH9qotxAjYs3aVLKc7zNOG9eddR5Ksd8rvFEBc9SsggPpg==}

  lodash.isarray@3.0.4:
    resolution: {integrity: sha512-JwObCrNJuT0Nnbuecmqr5DgtuBppuCvGD9lxjFpAzwnVtdGoDQ1zig+5W8k5/6Gcn0gZ3936HDAlGd28i7sOGQ==}

  lodash.keysin@3.0.8:
    resolution: {integrity: sha512-YDB/5xkL3fBKFMDaC+cfGV00pbiJ6XoJIfRmBhv7aR6wWtbCW6IzkiWnTfkiHTF6ALD7ff83dAtB3OEaSoyQPg==}

  lodash.mapkeys@4.6.0:
    resolution: {integrity: sha512-0Al+hxpYvONWtg+ZqHpa/GaVzxuN3V7Xeo2p+bY06EaK/n+Y9R7nBePPN2o1LxmL0TWQSwP8LYZ008/hc9JzhA==}

  lodash.pick@3.1.0:
    resolution: {integrity: sha512-Y04wnFghB7l1dkYINfjdMLpeAGM1IYEjlsGFxvjeewCbVQUlD9jw3M20ThuNrsf6yGmuPLwj60PKP+D6gZ+o2w==}
    deprecated: This package is deprecated. Use destructuring assignment syntax instead.

  lodash.restparam@3.6.1:
    resolution: {integrity: sha512-L4/arjjuq4noiUJpt3yS6KIKDtJwNe2fIYgMqyYYKoeIfV1iEqvPwhCx23o+R9dzouGihDAPN1dTIRWa7zk8tw==}

  lodash@4.18.1:
    resolution: {integrity: sha512-dMInicTPVE8d1e5otfwmmjlxkZoUpiVLwyeTdUsi/Caj/gfzzblBcCE5sRHV/AsjuCmxWrte2TNGSYuCeCq+0Q==}

snapshots:

  csvtojson@2.0.14:
    dependencies:
      lodash: 4.18.1

  lodash._baseflatten@3.1.4:
    dependencies:
      lodash.isarguments: 3.1.0
      lodash.isarray: 3.0.4

  lodash._basefor@3.0.3: {}

  lodash._bindcallback@3.0.1: {}

  lodash._pickbyarray@3.0.2: {}

  lodash._pickbycallback@3.0.0:
    dependencies:
      lodash._basefor: 3.0.3
      lodash.keysin: 3.0.8

  lodash.isarguments@3.1.0: {}

  lodash.isarray@3.0.4: {}

  lodash.keysin@3.0.8:
    dependencies:
      lodash.isarguments: 3.1.0
      lodash.isarray: 3.0.4

  lodash.mapkeys@4.6.0: {}

  lodash.pick@3.1.0:
    dependencies:
      lodash._baseflatten: 3.1.4
      lodash._bindcallback: 3.0.1
      lodash._pickbyarray: 3.0.2
      lodash._pickbycallback: 3.0.0
      lodash.restparam: 3.6.1

  lodash.restparam@3.6.1: {}

  lodash@4.18.1: {}
